lockfileVersion: '9.0'

settings:
  autoInstallPeers: true
  excludeLinksFromLockfile: false

importers:

  .:
    devDependencies:
      '@biomejs/biome':
        specifier: ^2.4.15
        version: 2.5.8
      husky:
        specifier: ^9.1.7
        version: 9.1.7
      lint-staged:
        specifier: ^17.0.0
        version: 17.3.0

packages:

  '@biomejs/biome@2.5.8':
    resolution: {integrity: sha512-aeAeeJB9fSDc7Gq+2GqpQxA0qBj6gj1k2R6L1cYqGePKP/baIq1WX8y6B+D+nRsO5ViQL22K/8IwbqERW0q1nw==}
    engines: {node: '>=14.21.3'}
    hasBin: true

  '@biomejs/cli-darwin-arm64@2.5.8':
    resolution: {integrity: sha512-mk1QON9PHllvvLN5gU3f4rMxeh4syK5p9OvKyWH6/W8ueh04uaC8TUXXByhGufWf/y5mQc03ZLM45zU+cmqMjA==}
    engines: {node: '>=14.21.3'}
    cpu: [arm64]
    os: [darwin]

  '@biomejs/cli-darwin-x64@2.5.8':
    resolution: {integrity: sha512-bsGwFMBNyHPyiLSsQcZJxdoRrg1V4JL+d7wEsvUBczlP9U9lwM+7mzQHxI4o1mhBsTmdOBbAb6fHU3Z3snN45w==}
    engines: {node: '>=14.21.3'}
    cpu: [x64]
    os: [darwin]

  '@biomejs/cli-linux-arm64-musl@2.5.8':
    resolution: {integrity: sha512-VcJNbstduTHx83NGAdhp78/JOcP45BZHXL7yNsfI1uGzdUgegAz2s+mSoT7wK6PBNzLoqG0zDOXaz/RQYVtSiw==}
    engines: {node: '>=14.21.3'}
    cpu: [arm64]
    os: [linux]
    libc: [musl]

  '@biomejs/cli-linux-arm64@2.5.8':
    resolution: {integrity: sha512-XmFiA0WPYFC+uiUDC8WRFzAIH9bo7vwQLav38Uoq4ETC+T/+uBi0TsYGJECkugY3r8USl3jc+Ae2/irAF6F2lQ==}
    engines: {node: '>=14.21.3'}
    cpu: [arm64]
    os: [linux]
    libc: [glibc]

  '@biomejs/cli-linux-x64-musl@2.5.8':
    resolution: {integrity: sha512-kKmiyokeISRGq2FLwvr+TzsgBusfxaZ0FZNLcOYOpCK/78tRrEjeEBLvq3xLZMpqbANgJdRPI7vZX8ZL37u9/w==}
    engines: {node: '>=14.21.3'}
    cpu: [x64]
    os: [linux]
    libc: [musl]

  '@biomejs/cli-linux-x64@2.5.8':
    resolution: {integrity: sha512-S5wcm9OBDvLHodD4PUaN488hCpco9QD/9ZxuYJiw4euWtr/oQvLR72z2ixItH8Wd5BCm6FZaeb+YNvOoM1xHtQ==}
    engines: {node: '>=14.21.3'}
    cpu: [x64]
    os: [linux]
    libc: [glibc]

  '@biomejs/cli-win32-arm64@2.5.8':
    resolution: {integrity: sha512-nILH0mzm3Hi3iEdd7o7GpB8kBR/mSQwfQG/tyBqyNrY2GFtcgwfV9nV8xLmbtUpMNY/Oi0Ml1XgfR4flOdq+AA==}
    engines: {node: '>=14.21.3'}
    cpu: [arm64]
    os: [win32]

  '@biomejs/cli-win32-x64@2.5.8':
    resolution: {integrity: sha512-I2czzXTY61f3nFJxXoMDq80t7MivxDEnCjE+8sDKoFfcKMaoQdkqhIFQ3KyY0XLzeSpUBYeNAXgD+iOV/BU0VA==}
    engines: {node: '>=14.21.3'}
    cpu: [x64]
    os: [win32]

  husky@9.1.7:
    resolution: {integrity: sha512-5gs5ytaNjBrh5Ow3zrvdUUY+0VxIuWVL4i9irt6friV+BqdCfmV11CQTWMiBYWHbXhco+J1kHfTOUkePhCDvMA==}
    engines: {node: '>=18'}
    hasBin: true

  lint-staged@17.3.0:
    resolution: {integrity: sha512-woZS3vNe3UKqBaLPvbLOtKRY4tLANpWQhom12MGWqC8Mh1lCOO+WgSwmX2amjJAqTY9BkXYW87fCUH5H9Ph6xw==}
    engines: {node: '>=22.22.1'}
    hasBin: true

  picomatch@4.0.5:
    resolution: {integrity: sha512-RvwwcruNjI1ncT5xRakeyS9Lf8lcItv34KD+aif+VH9kduAyfYBipGh12274xtenIPZ119/R9BdTBa8gAwSh0A==}
    engines: {node: '>=12'}

  string-argv@0.3.2:
    resolution: {integrity: sha512-aqD2Q0144Z+/RqG52NeHEkZauTAUWJO8c6yTftGJKO3Tja5tUgIfmIl6kExvhtxSDP7fXB6DvzkfMpCd/F3G+Q==}
    engines: {node: '>=0.6.19'}

  tinyexec@1.3.0:
    resolution: {integrity: sha512-QKAl9m8gWWGHV8jZcPeym6j+XULi6tOf1mT83WYJ4Lk2ytW/uwAWkrP0uFsdoYMdueVJ0qs26wZ+23xeB4ibNQ==}
    engines: {node: '>=18'}

  yaml@2.9.0:
    resolution: {integrity: sha512-2AvhNX3mb8zd6Zy7INTtSpl1F15HW6Wnqj0srWlkKLcpYl/gMIMJiyuGq2KeI2YFxUPjdlB+3Lc10seMLtL4cA==}
    engines: {node: '>= 14.6'}
    hasBin: true

snapshots:

  '@biomejs/biome@2.5.8':
    optionalDependencies:
      '@biomejs/cli-darwin-arm64': 2.5.8
      '@biomejs/cli-darwin-x64': 2.5.8
      '@biomejs/cli-linux-arm64': 2.5.8
      '@biomejs/cli-linux-arm64-musl': 2.5.8
      '@biomejs/cli-linux-x64': 2.5.8
      '@biomejs/cli-linux-x64-musl': 2.5.8
      '@biomejs/cli-win32-arm64': 2.5.8
      '@biomejs/cli-win32-x64': 2.5.8

  '@biomejs/cli-darwin-arm64@2.5.8':
    optional: true

  '@biomejs/cli-darwin-x64@2.5.8':
    optional: true

  '@biomejs/cli-linux-arm64-musl@2.5.8':
    optional: true

  '@biomejs/cli-linux-arm64@2.5.8':
    optional: true

  '@biomejs/cli-linux-x64-musl@2.5.8':
    optional: true

  '@biomejs/cli-linux-x64@2.5.8':
    optional: true

  '@biomejs/cli-win32-arm64@2.5.8':
    optional: true

  '@biomejs/cli-win32-x64@2.5.8':
    optional: true

  husky@9.1.7: {}

  lint-staged@17.3.0:
    dependencies:
      picomatch: 4.0.5
      string-argv: 0.3.2
      tinyexec: 1.3.0
    optionalDependencies:
      yaml: 2.9.0

  picomatch@4.0.5: {}

  string-argv@0.3.2: {}

  tinyexec@1.3.0: {}

  yaml@2.9.0:
    optional: true
